
Microsoft Visual Studio Solution File, Format Version 12.00
# Visual Studio 15
VisualStudioVersion = 15.0.28307.757
MinimumVisualStudioVersion = 10.0.40219.1
Project("{FAE04EC0-301F-11D3-BF4B-00C04F79EFBC}") = "TextEditor", "TextEditor.csproj", "{C48DA34C-8520-4AF8-853C-63B1163BE81A}"
EndProject
Global
	GlobalSection(SolutionConfigurationPlatforms) = preSolution
		Debug|Any CPU = Debug|Any CPU
		Release|Any CPU = Release|Any CPU
	EndGlobalSection
	GlobalSection(ProjectConfigurationPlatforms) = postSolution
		{C48DA34C-8520-4AF8-853C-63B1163BE81A}.Debug|Any CPU.ActiveCfg = Debug|Any CPU
		{C48DA34C-8520-4AF8-853C-63B1163BE81A}.Debug|Any CPU.Build.0 = Debug|Any CPU
		{C48DA34C-8520-4AF8-853C-63B1163BE81A}.Release|Any CPU.ActiveCfg = Release|Any CPU
		{C48DA34C-8520-4AF8-853C-63B1163BE81A}.Release|Any CPU.Build.0 = Release|Any CPU
	EndGlobalSection
	GlobalSection(SolutionProperties) = preSolution
		HideSolutionNode = FALSE
	EndGlobalSection
	GlobalSection(ExtensibilityGlobals) = postSolution
		SolutionGuid = {B49959AD-F374-4B29-9A7C-BE8CAF14D30C}
	EndGlobalSection
EndGlobal
